
Microsoft Visual Studio Solution File, Format Version 12.00
Project("{FAE04EC0-301F-11D3-BF4B-00C04F79EFBC}") = "CustomerManagerSystem", "CustomerManagerSystem\CustomerManagerSystem.csproj", "{8D66FEDA-B2EF-4172-8A42-B761E241519C}"
EndProject
Project("{FAE04EC0-301F-11D3-BF4B-00C04F79EFBC}") = "Cms.Library", "Cms.Library\Cms.Library.csproj", "{C7E23EE9-BBE7-48D4-8A7A-D14A4361CCA9}"
EndProject
Project("{FAE04EC0-301F-11D3-BF4B-00C04F79EFBC}") = "UnitTest", "UnitTest\UnitTest.csproj", "{675840BF-B87F-4B2C-AE8F-7C04292AD6F4}"
EndProject
Global
	GlobalSection(SolutionConfigurationPlatforms) = preSolution
		Debug|Any CPU = Debug|Any CPU
		Release|Any CPU = Release|Any CPU
	EndGlobalSection
	GlobalSection(ProjectConfigurationPlatforms) = postSolution
		{8D66FEDA-B2EF-4172-8A42-B761E241519C}.Debug|Any CPU.ActiveCfg = Debug|Any CPU
		{8D66FEDA-B2EF-4172-8A42-B761E241519C}.Debug|Any CPU.Build.0 = Debug|Any CPU
		{8D66FEDA-B2EF-4172-8A42-B761E241519C}.Release|Any CPU.ActiveCfg = Release|Any CPU
		{8D66FEDA-B2EF-4172-8A42-B761E241519C}.Release|Any CPU.Build.0 = Release|Any CPU
		{C7E23EE9-BBE7-48D4-8A7A-D14A4361CCA9}.Debug|Any CPU.ActiveCfg = Debug|Any CPU
		{C7E23EE9-BBE7-48D4-8A7A-D14A4361CCA9}.Debug|Any CPU.Build.0 = Debug|Any CPU
		{C7E23EE9-BBE7-48D4-8A7A-D14A4361CCA9}.Release|Any CPU.ActiveCfg = Release|Any CPU
		{C7E23EE9-BBE7-48D4-8A7A-D14A4361CCA9}.Release|Any CPU.Build.0 = Release|Any CPU
		{675840BF-B87F-4B2C-AE8F-7C04292AD6F4}.Debug|Any CPU.ActiveCfg = Debug|Any CPU
		{675840BF-B87F-4B2C-AE8F-7C04292AD6F4}.Debug|Any CPU.Build.0 = Debug|Any CPU
		{675840BF-B87F-4B2C-AE8F-7C04292AD6F4}.Release|Any CPU.ActiveCfg = Release|Any CPU
		{675840BF-B87F-4B2C-AE8F-7C04292AD6F4}.Release|Any CPU.Build.0 = Release|Any CPU
	EndGlobalSection
EndGlobal
